
Microsoft Visual Studio Solution File, Format Version 12.00
# Visual Studio Version 17
VisualStudioVersion = 17.9.34622.214
MinimumVisualStudioVersion = 10.0.40219.1
Project("{9A19103F-16F7-4668-BE54-9A1E7A4F7556}") = "LisTech", "LisTech\LisTech.csproj", "{F33F42E6-99EB-4FDF-94E8-193BC6D4CA84}"
EndProject
Project("{FAE04EC0-301F-11D3-BF4B-00C04F79EFBC}") = "LisTechTests", "LisTechTests\LisTechTests.csproj", "{6818171C-A26E-445F-9AB6-4D0D1B906EB1}"
EndProject
Global
	GlobalSection(SolutionConfigurationPlatforms) = preSolution
		Debug|Any CPU = Debug|Any CPU
		Release|Any CPU = Release|Any CPU
	EndGlobalSection
	GlobalSection(ProjectConfigurationPlatforms) = postSolution
		{F33F42E6-99EB-4FDF-94E8-193BC6D4CA84}.Debug|Any CPU.ActiveCfg = Debug|Any CPU
		{F33F42E6-99EB-4FDF-94E8-193BC6D4CA84}.Debug|Any CPU.Build.0 = Debug|Any CPU
		{F33F42E6-99EB-4FDF-94E8-193BC6D4CA84}.Release|Any CPU.ActiveCfg = Release|Any CPU
		{F33F42E6-99EB-4FDF-94E8-193BC6D4CA84}.Release|Any CPU.Build.0 = Release|Any CPU
		{6818171C-A26E-445F-9AB6-4D0D1B906EB1}.Debug|Any CPU.ActiveCfg = Debug|Any CPU
		{6818171C-A26E-445F-9AB6-4D0D1B906EB1}.Debug|Any CPU.Build.0 = Debug|Any CPU
		{6818171C-A26E-445F-9AB6-4D0D1B906EB1}.Release|Any CPU.ActiveCfg = Release|Any CPU
		{6818171C-A26E-445F-9AB6-4D0D1B906EB1}.Release|Any CPU.Build.0 = Release|Any CPU
	EndGlobalSection
	GlobalSection(SolutionProperties) = preSolution
		HideSolutionNode = FALSE
	EndGlobalSection
	GlobalSection(ExtensibilityGlobals) = postSolution
		SolutionGuid = {14B69012-5035-4C15-A28B-608BF23B9F90}
	EndGlobalSection
EndGlobal
